
Microsoft Visual Studio Solution File, Format Version 12.00
# Visual Studio Version 17
VisualStudioVersion = 17.4.33205.214
MinimumVisualStudioVersion = 10.0.40219.1
Project("{FAE04EC0-301F-11D3-BF4B-00C04F79EFBC}") = "gorselprogramming-final", "gorselprogramming-final\gorselprogramming-final.csproj", "{ED9B5B91-EFCC-400D-B070-7939DD4BF61A}"
EndProject
Global
	GlobalSection(SolutionConfigurationPlatforms) = preSolution
		Debug|Any CPU = Debug|Any CPU
		Release|Any CPU = Release|Any CPU
	EndGlobalSection
	GlobalSection(ProjectConfigurationPlatforms) = postSolution
		{ED9B5B91-EFCC-400D-B070-7939DD4BF61A}.Debug|Any CPU.ActiveCfg = Debug|Any CPU
		{ED9B5B91-EFCC-400D-B070-7939DD4BF61A}.Debug|Any CPU.Build.0 = Debug|Any CPU
		{ED9B5B91-EFCC-400D-B070-7939DD4BF61A}.Release|Any CPU.ActiveCfg = Release|Any CPU
		{ED9B5B91-EFCC-400D-B070-7939DD4BF61A}.Release|Any CPU.Build.0 = Release|Any CPU
	EndGlobalSection
	GlobalSection(SolutionProperties) = preSolution
		HideSolutionNode = FALSE
	EndGlobalSection
	GlobalSection(ExtensibilityGlobals) = postSolution
		SolutionGuid = {9DEDFAA7-6FB7-4185-BEF6-5A7E74D733FB}
	EndGlobalSection
EndGlobal
